<Solution>
  <Project Path="Talleres360-front/Talleres360-front.csproj" Id="c1484c3d-6a65-4f53-be91-35d38e89138b" />
  <Project Path="Talleres360.Notifications.Api/Talleres360.Notifications.Api.csproj" Id="2e2b601d-4e81-4e38-8079-2318d68ed832" />
  <Project Path="Talleres360.Shared/Talleres360.Shared.csproj" Id="2ef3b769-4a78-4c5c-b1d2-3db3348cbe69" />
  <Project Path="Talleres360.Test/Talleres360.Test.csproj" Id="58a49ae6-ebd6-481f-862e-896485d04207" />
  <Project Path="Talleres360/Talleres360.csproj" />
</Solution>
